{
  "name": "nodehog",
  "version": "0.0.1",
  "lockfileVersion": 3,
  "requires": true,
  "packages": {
    "": {
      "name": "nodehog",
      "version": "0.0.1",
      "license": "MIT",
      "devDependencies": {
        "@lavamoat/preinstall-always-fail": "^2.1.1"
      }
    },
    "node_modules/@lavamoat/preinstall-always-fail": {
      "version": "2.1.1",
      "resolved": "https://registry.npmjs.org/@lavamoat/preinstall-always-fail/-/preinstall-always-fail-2.1.1.tgz",
      "integrity": "sha512-8eyQm26cQtEek2z1vM+iSVOoKrchkHBEvUQ3VnbDEqQ7hDL5sU/rhHo/FnoMgY8J31r6LSesEzpwYQe4omgqbA==",
      "dev": true,
      "hasInstallScript": true,
      "license": "MIT",
      "engines": {
        "node": "^16.20.0 || ^18.0.0 || ^20.0.0 || ^22.0.0 || ^24.0.0"
      }
    }
  }
}
